
Microsoft Visual Studio Solution File, Format Version 12.00
# Visual Studio Version 17
VisualStudioVersion = 17.4.33122.133
MinimumVisualStudioVersion = 10.0.40219.1
Project("{FAE04EC0-301F-11D3-BF4B-00C04F79EFBC}") = "zd_2.1Forms", "zd_2.1Forms.csproj", "{C97DD547-5C49-4322-9F37-30C9FA0586F0}"
EndProject
Global
	GlobalSection(SolutionConfigurationPlatforms) = preSolution
		Debug|Any CPU = Debug|Any CPU
		Release|Any CPU = Release|Any CPU
	EndGlobalSection
	GlobalSection(ProjectConfigurationPlatforms) = postSolution
		{C97DD547-5C49-4322-9F37-30C9FA0586F0}.Debug|Any CPU.ActiveCfg = Debug|Any CPU
		{C97DD547-5C49-4322-9F37-30C9FA0586F0}.Debug|Any CPU.Build.0 = Debug|Any CPU
		{C97DD547-5C49-4322-9F37-30C9FA0586F0}.Release|Any CPU.ActiveCfg = Release|Any CPU
		{C97DD547-5C49-4322-9F37-30C9FA0586F0}.Release|Any CPU.Build.0 = Release|Any CPU
	EndGlobalSection
	GlobalSection(SolutionProperties) = preSolution
		HideSolutionNode = FALSE
	EndGlobalSection
	GlobalSection(ExtensibilityGlobals) = postSolution
		SolutionGuid = {99402B8A-AD77-45B5-8E3C-89AB0FCD2DCE}
	EndGlobalSection
EndGlobal
